// !$*UTF8*$!
{
	archiveVersion = 1;
	classes = {
	};
	objectVersion = 46;
	objects = {

/* Begin PBXBuildFile section */
		40C2C4E71E369D730029E1F2 /* main.m in Sources */ = {isa = PBXBuildFile; fileRef = 40C2C4E61E369D730029E1F2 /* main.m */; };
		40C2C4EA1E369D730029E1F2 /* AppDelegate.m in Sources */ = {isa = PBXBuildFile; fileRef = 40C2C4E91E369D730029E1F2 /* AppDelegate.m */; };
		40C2C4ED1E369D730029E1F2 /* ViewController.m in Sources */ = {isa = PBXBuildFile; fileRef = 40C2C4EC1E369D730029E1F2 /* ViewController.m */; };
		40C2C4F01E369D730029E1F2 /* Main.storyboard in Resources */ = {isa = PBXBuildFile; fileRef = 40C2C4EE1E369D730029E1F2 /* Main.storyboard */; };
		40C2C4F21E369D730029E1F2 /* Assets.xcassets in Resources */ = {isa = PBXBuildFile; fileRef = 40C2C4F11E369D730029E1F2 /* Assets.xcassets */; };
		40C2C4F51E369D730029E1F2 /* LaunchScreen.storyboard in Resources */ = {isa = PBXBuildFile; fileRef = 40C2C4F31E369D730029E1F2 /* LaunchScreen.storyboard */; };
/* End PBXBuildFile section */

/* Begin PBXFileReference section */
		40C2C4E21E369D730029E1F2 /* PersonnalInfo.app */ = {isa = PBXFileReference; explicitFileType = wrapper.application; includeInIndex = 0; path = PersonnalInfo.app; sourceTree = BUILT_PRODUCTS_DIR; };
		40C2C4E61E369D730029E1F2 /* main.m */ = {isa = PBXFileReference; lastKnownFileType = sourcecode.c.objc; path = main.m; sourceTree = "<group>"; };
		40C2C4E81E369D730029E1F2 /* AppDelegate.h */ = {isa = PBXFileReference; lastKnownFileType = sourcecode.c.h; path = AppDelegate.h; sourceTree = "<group>"; };
		40C2C4E91E369D730029E1F2 /* AppDelegate.m */ = {isa = PBXFileReference; lastKnownFileType = sourcecode.c.objc; path = AppDelegate.m; sourceTree = "<group>"; };
		40C2C4EB1E369D730029E1F2 /* ViewController.h */ = {isa = PBXFileReference; lastKnownFileType = sourcecode.c.h; path = ViewController.h; sourceTree = "<group>"; };
		40C2C4EC1E369D730029E1F2 /* ViewController.m */ = {isa = PBXFileReference; lastKnownFileType = sourcecode.c.objc; path = ViewController.m; sourceTree = "<group>"; };
		40C2C4EF1E369D730029E1F2 /* Base */ = {isa = PBXFileReference; lastKnownFileType = file.storyboard; name = Base; path = Base.lproj/Main.storyboard; sourceTree = "<group>"; };
		40C2C4F11E369D730029E1F2 /* Assets.xcassets */ = {isa = PBXFileReference; lastKnownFileType = folder.assetcatalog; path = Assets.xcassets; sourceTree = "<group>"; };
		40C2C4F41E369D730029E1F2 /* Base */ = {isa = PBXFileReference; lastKnownFileType = file.storyboard; name = Base; path = Base.lproj/LaunchScreen.storyboard; sourceTree = "<group>"; };
		40C2C4F61E369D730029E1F2 /* Info.plist */ = {isa = PBXFileReference; lastKnownFileType = text.plist.xml; path = Info.plist; sourceTree = "<group>"; };
/* End PBXFileReference section */

/* Begin PBXFrameworksBuildPhase section */
		40C2C4DF1E369D730029E1F2 /* Frameworks */ = {
			isa = PBXFrameworksBuildPhase;
			buildActionMask = 2147483647;
			files = (
			);
			runOnlyForDeploymentPostprocessing = 0;
		};
/* End PBXFrameworksBuildPhase section */

/* Begin PBXGroup section */
		40C2C4D91E369D730029E1F2 = {
			isa = PBXGroup;
			children = (
				40C2C4E41E369D730029E1F2 /* PersonnalInfo */,
				40C2C4E31E369D730029E1F2 /* Products */,
			);
			sourceTree = "<group>";
		};
		40C2C4E31E369D730029E1F2 /* Products */ = {
			isa = PBXGroup;
			children = (
				40C2C4E21E369D730029E1F2 /* PersonnalInfo.app */,
			);
			name = Products;
			sourceTree = "<group>";
		};
		40C2C4E41E369D730029E1F2 /* PersonnalInfo */ = {
			isa = PBXGroup;
			children = (
				40C2C4E81E369D730029E1F2 /* AppDelegate.h */,
				40C2C4E91E369D730029E1F2 /* AppDelegate.m */,
				40C2C4EB1E369D730029E1F2 /* ViewController.h */,
				40C2C4EC1E369D730029E1F2 /* ViewController.m */,
				40C2C4EE1E369D730029E1F2 /* Main.storyboard */,
				40C2C4F11E369D730029E1F2 /* Assets.xcassets */,
				40C2C4F31E369D730029E1F2 /* LaunchScreen.storyboard */,
				40C2C4F61E369D730029E1F2 /* Info.plist */,
				40C2C4E51E369D730029E1F2 /* Supporting Files */,
			);
			path = PersonnalInfo;
			sourceTree = "<group>";
		};
		40C2C4E51E369D730029E1F2 /* Supporting Files */ = {
			isa = PBXGroup;
			children = (
				40C2C4E61E369D730029E1F2 /* main.m */,
			);
			name = "Supporting Files";
			sourceTree = "<group>";
		};
/* End PBXGroup section */

/* Begin PBXNativeTarget section */
		40C2C4E11E369D730029E1F2 /* PersonnalInfo */ = {
			isa = PBXNativeTarget;
			buildConfigurationList = 40C2C4F91E369D730029E1F2 /* Build configuration list for PBXNativeTarget "PersonnalInfo" */;
			buildPhases = (
				40C2C4DE1E369D730029E1F2 /* Sources */,
				40C2C4DF1E369D730029E1F2 /* Frameworks */,
				40C2C4E01E369D730029E1F2 /* Resources */,
			);
			buildRules = (
			);
			dependencies = (
			);
			name = PersonnalInfo;
			productName = PersonnalInfo;
			productReference = 40C2C4E21E369D730029E1F2 /* PersonnalInfo.app */;
			productType = "com.apple.product-type.application";
		};
/* End PBXNativeTarget section */

/* Begin PBXProject section */
		40C2C4DA1E369D730029E1F2 /* Project object */ = {
			isa = PBXProject;
			attributes = {
				LastUpgradeCheck = 0820;
				ORGANIZATIONNAME = "Djoufak Corporate";
				TargetAttributes = {
					40C2C4E11E369D730029E1F2 = {
						CreatedOnToolsVersion = 8.2.1;
						DevelopmentTeam = V2WKZU723N;
						ProvisioningStyle = Automatic;
					};
				};
			};
			buildConfigurationList = 40C2C4DD1E369D730029E1F2 /* Build configuration list for PBXProject "PersonnalInfo" */;
			compatibilityVersion = "Xcode 3.2";
			developmentRegion = English;
			hasScannedForEncodings = 0;
			knownRegions = (
				en,
				Base,
			);
			mainGroup = 40C2C4D91E369D730029E1F2;
			productRefGroup = 40C2C4E31E369D730029E1F2 /* Products */;
			projectDirPath = "";
			projectRoot = "";
			targets = (
				40C2C4E11E369D730029E1F2 /* PersonnalInfo */,
			);
		};
/* End PBXProject section */

/* Begin PBXResourcesBuildPhase section */
		40C2C4E01E369D730029E1F2 /* Resources */ = {
			isa = PBXResourcesBuildPhase;
			buildActionMask = 2147483647;
			files = (
				40C2C4F51E369D730029E1F2 /* LaunchScreen.storyboard in Resources */,
				40C2C4F21E369D730029E1F2 /* Assets.xcassets in Resources */,
				40C2C4F01E369D730029E1F2 /* Main.storyboard in Resources */,
			);
			runOnlyForDeploymentPostprocessing = 0;
		};
/* End PBXResourcesBuildPhase section */

/* Begin PBXSourcesBuildPhase section */
		40C2C4DE1E369D730029E1F2 /* Sources */ = {
			isa = PBXSourcesBuildPhase;
			buildActionMask = 2147483647;
			files = (
				40C2C4ED1E369D730029E1F2 /* ViewController.m in Sources */,
				40C2C4EA1E369D730029E1F2 /* AppDelegate.m in Sources */,
				40C2C4E71E369D730029E1F2 /* main.m in Sources */,
			);
			runOnlyForDeploymentPostprocessing = 0;
		};
/* End PBXSourcesBuildPhase section */

/* Begin PBXVariantGroup section */
		40C2C4EE1E369D730029E1F2 /* Main.storyboard */ = {
			isa = PBXVariantGroup;
			children = (
				40C2C4EF1E369D730029E1F2 /* Base */,
			);
			name = Main.storyboard;
			sourceTree = "<group>";
		};
		40C2C4F31E369D730029E1F2 /* LaunchScreen.storyboard */ = {
			isa = PBXVariantGroup;
			children = (
				40C2C4F41E369D730029E1F2 /* Base */,
			);
			name = LaunchScreen.storyboard;
			sourceTree = "<group>";
		};
/* End PBXVariantGroup section */

/* Begin XCBuildConfiguration section */
		40C2C4F71E369D730029E1F2 /* Debug */ = {
			isa = XCBuildConfiguration;
			buildSettings = {
				ALWAYS_SEARCH_USER_PATHS = NO;
				CLANG_ANALYZER_NONNULL = YES;
				CLANG_CXX_LANGUAGE_STANDARD = "gnu++0x";
				CLANG_CXX_LIBRARY = "libc++";
				CLANG_ENABLE_MODULES = YES;
				CLANG_ENABLE_OBJC_ARC = YES;
				CLANG_WARN_BOOL_CONVERSION = YES;
				CLANG_WARN_CONSTANT_CONVERSION = YES;
				CLANG_WARN_DIRECT_OBJC_ISA_USAGE = YES_ERROR;
				CLANG_WARN_DOCUMENTATION_COMMENTS = YES;
				CLANG_WARN_EMPTY_BODY = YES;
				CLANG_WARN_ENUM_CONVERSION = YES;
				CLANG_WARN_INFINITE_RECURSION = YES;
				CLANG_WARN_INT_CONVERSION = YES;
				CLANG_WARN_OBJC_ROOT_CLASS = YES_ERROR;
				CLANG_WARN_SUSPICIOUS_MOVE = YES;
				CLANG_WARN_UNREACHABLE_CODE = YES;
				CLANG_WARN__DUPLICATE_METHOD_MATCH = YES;
				"CODE_SIGN_IDENTITY[sdk=iphoneos*]" = "iPhone Developer";
				COPY_PHASE_STRIP = NO;
				DEBUG_INFORMATION_FORMAT = dwarf;
				ENABLE_STRICT_OBJC_MSGSEND = YES;
				ENABLE_TESTABILITY = YES;
				GCC_C_LANGUAGE_STANDARD = gnu99;
				GCC_DYNAMIC_NO_PIC = NO;
				GCC_NO_COMMON_BLOCKS = YES;
				GCC_OPTIMIZATION_LEVEL = 0;
				GCC_PREPROCESSOR_DEFINITIONS = (
					"DEBUG=1",
					"$(inherited)",
				);
				GCC_WARN_64_TO_32_BIT_CONVERSION = YES;
				GCC_WARN_ABOUT_RETURN_TYPE = YES_ERROR;
				GCC_WARN_UNDECLARED_SELECTOR = YES;
				GCC_WARN_UNINITIALIZED_AUTOS = YES_AGGRESSIVE;
				GCC_WARN_UNUSED_FUNCTION = YES;
				GCC_WARN_UNUSED_VARIABLE = YES;
				IPHONEOS_DEPLOYMENT_TARGET = 10.2;
				MTL_ENABLE_DEBUG_INFO = YES;
				ONLY_ACTIVE_ARCH = YES;
				SDKROOT = iphoneos;
				TARGETED_DEVICE_FAMILY = "1,2";
			};
			name = Debug;
		};
		40C2C4F81E369D730029E1F2 /* Release */ = {
			isa = XCBuildConfiguration;
			buildSettings = {
				ALWAYS_SEARCH_USER_PATHS = NO;
				CLANG_ANALYZER_NONNULL = YES;
				CLANG_CXX_LANGUAGE_STANDARD = "gnu++0x";
				CLANG_CXX_LIBRARY = "libc++";
				CLANG_ENABLE_MODULES = YES;
				CLANG_ENABLE_OBJC_ARC = YES;
				CLANG_WARN_BOOL_CONVERSION = YES;
				CLANG_WARN_CONSTANT_CONVERSION = YES;
				CLANG_WARN_DIRECT_OBJC_ISA_USAGE = YES_ERROR;
				CLANG_WARN_DOCUMENTATION_COMMENTS = YES;
				CLANG_WARN_EMPTY_BODY = YES;
				CLANG_WARN_ENUM_CONVERSION = YES;
				CLANG_WARN_INFINITE_RECURSION = YES;
				CLANG_WARN_INT_CONVERSION = YES;
				CLANG_WARN_OBJC_ROOT_CLASS = YES_ERROR;
				CLANG_WARN_SUSPICIOUS_MOVE = YES;
				CLANG_WARN_UNREACHABLE_CODE = YES;
				CLANG_WARN__DUPLICATE_METHOD_MATCH = YES;
				"CODE_SIGN_IDENTITY[sdk=iphoneos*]" = "iPhone Developer";
				COPY_PHASE_STRIP = NO;
				DEBUG_INFORMATION_FORMAT = "dwarf-with-dsym";
				ENABLE_NS_ASSERTIONS = NO;
				ENABLE_STRICT_OBJC_MSGSEND = YES;
				GCC_C_LANGUAGE_STANDARD = gnu99;
				GCC_NO_COMMON_BLOCKS = YES;
				GCC_WARN_64_TO_32_BIT_CONVERSION = YES;
				GCC_WARN_ABOUT_RETURN_TYPE = YES_ERROR;
				GCC_WARN_UNDECLARED_SELECTOR = YES;
				GCC_WARN_UNINITIALIZED_AUTOS = YES_AGGRESSIVE;
				GCC_WARN_UNUSED_FUNCTION = YES;
				GCC_WARN_UNUSED_VARIABLE = YES;
				IPHONEOS_DEPLOYMENT_TARGET = 10.2;
				MTL_ENABLE_DEBUG_INFO = NO;
				SDKROOT = iphoneos;
				TARGETED_DEVICE_FAMILY = "1,2";
				VALIDATE_PRODUCT = YES;
			};
			name = Release;
		};
		40C2C4FA1E369D730029E1F2 /* Debug */ = {
			isa = XCBuildConfiguration;
			buildSettings = {
				ASSETCATALOG_COMPILER_APPICON_NAME = AppIcon;
				DEVELOPMENT_TEAM = V2WKZU723N;
				INFOPLIST_FILE = PersonnalInfo/Info.plist;
				LD_RUNPATH_SEARCH_PATHS = "$(inherited) @executable_path/Frameworks";
				PRODUCT_BUNDLE_IDENTIFIER = com.djoufak.PersonnalInfo;
				PRODUCT_NAME = "$(TARGET_NAME)";
			};
			name = Debug;
		};
		40C2C4FB1E369D730029E1F2 /* Release */ = {
			isa = XCBuildConfiguration;
			buildSettings = {
				ASSETCATALOG_COMPILER_APPICON_NAME = AppIcon;
				DEVELOPMENT_TEAM = V2WKZU723N;
				INFOPLIST_FILE = PersonnalInfo/Info.plist;
				LD_RUNPATH_SEARCH_PATHS = "$(inherited) @executable_path/Frameworks";
				PRODUCT_BUNDLE_IDENTIFIER = com.djoufak.PersonnalInfo;
				PRODUCT_NAME = "$(TARGET_NAME)";
			};
			name = Release;
		};
/* End XCBuildConfiguration section */

/* Begin XCConfigurationList section */
		40C2C4DD1E369D730029E1F2 /* Build configuration list for PBXProject "PersonnalInfo" */ = {
			isa = XCConfigurationList;
			buildConfigurations = (
				40C2C4F71E369D730029E1F2 /* Debug */,
				40C2C4F81E369D730029E1F2 /* Release */,
			);
			defaultConfigurationIsVisible = 0;
			defaultConfigurationName = Release;
		};
		40C2C4F91E369D730029E1F2 /* Build configuration list for PBXNativeTarget "PersonnalInfo" */ = {
			isa = XCConfigurationList;
			buildConfigurations = (
				40C2C4FA1E369D730029E1F2 /* Debug */,
				40C2C4FB1E369D730029E1F2 /* Release */,
			);
			defaultConfigurationIsVisible = 0;
		};
/* End XCConfigurationList section */
	};
	rootObject = 40C2C4DA1E369D730029E1F2 /* Project object */;
}
